
Microsoft Visual Studio Solution File, Format Version 12.00
# Visual Studio Version 17
VisualStudioVersion = 17.1.32328.378
MinimumVisualStudioVersion = 10.0.40219.1
Project("{9A19103F-16F7-4668-BE54-9A1E7A4F7556}") = "Domein", "Domein\Domein.csproj", "{8A79FDCF-85BA-4596-9398-25C7AFAE6CC3}"
EndProject
Project("{9A19103F-16F7-4668-BE54-9A1E7A4F7556}") = "Cui", "Cui\Cui.csproj", "{51BF788B-5C28-4969-86E7-8CC765E37BAC}"
EndProject
Project("{9A19103F-16F7-4668-BE54-9A1E7A4F7556}") = "Persistentie", "Persistentie\Persistentie.csproj", "{1EAE5120-FDC9-4994-9215-9A8880E38C73}"
EndProject
Project("{FAE04EC0-301F-11D3-BF4B-00C04F79EFBC}") = "DomeinTests", "DomeinTests\DomeinTests.csproj", "{E4A7867A-5442-404C-8917-370D0D63A817}"
EndProject
Global
	GlobalSection(SolutionConfigurationPlatforms) = preSolution
		Debug|Any CPU = Debug|Any CPU
		Release|Any CPU = Release|Any CPU
	EndGlobalSection
	GlobalSection(ProjectConfigurationPlatforms) = postSolution
		{8A79FDCF-85BA-4596-9398-25C7AFAE6CC3}.Debug|Any CPU.ActiveCfg = Debug|Any CPU
		{8A79FDCF-85BA-4596-9398-25C7AFAE6CC3}.Debug|Any CPU.Build.0 = Debug|Any CPU
		{8A79FDCF-85BA-4596-9398-25C7AFAE6CC3}.Release|Any CPU.ActiveCfg = Release|Any CPU
		{8A79FDCF-85BA-4596-9398-25C7AFAE6CC3}.Release|Any CPU.Build.0 = Release|Any CPU
		{51BF788B-5C28-4969-86E7-8CC765E37BAC}.Debug|Any CPU.ActiveCfg = Debug|Any CPU
		{51BF788B-5C28-4969-86E7-8CC765E37BAC}.Debug|Any CPU.Build.0 = Debug|Any CPU
		{51BF788B-5C28-4969-86E7-8CC765E37BAC}.Release|Any CPU.ActiveCfg = Release|Any CPU
		{51BF788B-5C28-4969-86E7-8CC765E37BAC}.Release|Any CPU.Build.0 = Release|Any CPU
		{1EAE5120-FDC9-4994-9215-9A8880E38C73}.Debug|Any CPU.ActiveCfg = Debug|Any CPU
		{1EAE5120-FDC9-4994-9215-9A8880E38C73}.Debug|Any CPU.Build.0 = Debug|Any CPU
		{1EAE5120-FDC9-4994-9215-9A8880E38C73}.Release|Any CPU.ActiveCfg = Release|Any CPU
		{1EAE5120-FDC9-4994-9215-9A8880E38C73}.Release|Any CPU.Build.0 = Release|Any CPU
		{E4A7867A-5442-404C-8917-370D0D63A817}.Debug|Any CPU.ActiveCfg = Debug|Any CPU
		{E4A7867A-5442-404C-8917-370D0D63A817}.Debug|Any CPU.Build.0 = Debug|Any CPU
		{E4A7867A-5442-404C-8917-370D0D63A817}.Release|Any CPU.ActiveCfg = Release|Any CPU
		{E4A7867A-5442-404C-8917-370D0D63A817}.Release|Any CPU.Build.0 = Release|Any CPU
	EndGlobalSection
	GlobalSection(SolutionProperties) = preSolution
		HideSolutionNode = FALSE
	EndGlobalSection
	GlobalSection(ExtensibilityGlobals) = postSolution
		SolutionGuid = {DCB5AA24-FA3B-4AF5-B519-FB3E39F2AC4F}
	EndGlobalSection
EndGlobal
